
Microsoft Visual Studio Solution File, Format Version 12.00
# Visual Studio Version 17
VisualStudioVersion = 17.0.31903.59
MinimumVisualStudioVersion = 10.0.40219.1
Project("{2150E333-8FDC-42A3-9474-1A3956D46DE8}") = "tests", "tests", "{0AB3BF05-4346-4AA6-1389-037BE0695223}"
EndProject
Project("{FAE04EC0-301F-11D3-BF4B-00C04F79EFBC}") = "ControlCajaBC.Tests", "tests\ControlCajaBC.Tests\ControlCajaBC.Tests.csproj", "{D0C8DFEE-62D1-41D1-9D6A-1B7CEE106063}"
EndProject
Project("{FAE04EC0-301F-11D3-BF4B-00C04F79EFBC}") = "CatalogoArticulosBC.Tests", "tests\CatalogoArticulosBC.Tests\CatalogoArticulosBC.Tests.csproj", "{CB61C5BB-AAD9-4C64-9419-88E018A8461C}"
EndProject
Project("{FAE04EC0-301F-11D3-BF4B-00C04F79EFBC}") = "GestionClientesBC.Tests", "tests\GestionClientesBC.Tests\GestionClientesBC.Tests.csproj", "{17C22C32-D502-4B19-BAC9-6E7E3F74DFD5}"
EndProject
Project("{FAE04EC0-301F-11D3-BF4B-00C04F79EFBC}") = "ListaPreciosBC.Tests", "tests\ListaPreciosBC.Tests\ListaPreciosBC.Tests.csproj", "{6E14A0CC-8678-4404-9B18-0D9BDFC1B768}"
EndProject
Project("{FAE04EC0-301F-11D3-BF4B-00C04F79EFBC}") = "EndToEnd", "tests\EndToEnd\EndToEnd.csproj", "{EB7503FD-33A8-497B-B139-1BA1114CE279}"
EndProject
Project("{2150E333-8FDC-42A3-9474-1A3956D46DE8}") = "src", "src", "{827E0CD3-B72D-47B6-A68D-7590B98EB39B}"
EndProject
Project("{2150E333-8FDC-42A3-9474-1A3956D46DE8}") = "CatalogoArticulosBC", "CatalogoArticulosBC", "{DDB3D690-124B-C36B-115F-3C37F1FE676E}"
EndProject
Project("{FAE04EC0-301F-11D3-BF4B-00C04F79EFBC}") = "FacturaFacil.CatalogoArticulosBC", "src\CatalogoArticulosBC\FacturaFacil.CatalogoArticulosBC.csproj", "{A8EC99DE-718E-4ACC-8B61-70FA796D8438}"
EndProject
Project("{2150E333-8FDC-42A3-9474-1A3956D46DE8}") = "ControlCajaBC", "ControlCajaBC", "{35E96E76-185C-208C-38DC-5F3F8B7F04FF}"
EndProject
Project("{FAE04EC0-301F-11D3-BF4B-00C04F79EFBC}") = "FacturaFacil.ControlCajaBC", "src\ControlCajaBC\FacturaFacil.ControlCajaBC.csproj", "{DD02CC64-F89C-4966-A79F-482794FF88AD}"
EndProject
Project("{2150E333-8FDC-42A3-9474-1A3956D46DE8}") = "GestionClientesBC", "GestionClientesBC", "{1FA30E85-E96E-8112-D4B3-BBAF21A47CB7}"
EndProject
Project("{FAE04EC0-301F-11D3-BF4B-00C04F79EFBC}") = "FacturaFacil.GestionClientesBC", "src\GestionClientesBC\FacturaFacil.GestionClientesBC.csproj", "{3D2AE401-D80D-436E-99E3-FF20B6FE7CB9}"
EndProject
Project("{2150E333-8FDC-42A3-9474-1A3956D46DE8}") = "ListaPreciosBC", "ListaPreciosBC", "{EF20B38E-6266-D34C-AE13-5ED10D6750E8}"
EndProject
Project("{FAE04EC0-301F-11D3-BF4B-00C04F79EFBC}") = "FacturaFacil.ListaPreciosBC", "src\ListaPreciosBC\FacturaFacil.ListaPreciosBC.csproj", "{1807AE2C-1301-4B69-9B58-ED8415EBB493}"
EndProject
Project("{2150E333-8FDC-42A3-9474-1A3956D46DE8}") = "SharedKernel", "SharedKernel", "{85F909CB-8F14-ECC8-BA9D-713D1771907F}"
EndProject
Project("{FAE04EC0-301F-11D3-BF4B-00C04F79EFBC}") = "FacturaFacil.SharedKernel", "src\SharedKernel\FacturaFacil.SharedKernel.csproj", "{E14455B8-0813-45F9-8F9E-FB468486473A}"
EndProject
Global
	GlobalSection(SolutionConfigurationPlatforms) = preSolution
		Debug|Any CPU = Debug|Any CPU
		Debug|x64 = Debug|x64
		Debug|x86 = Debug|x86
		Release|Any CPU = Release|Any CPU
		Release|x64 = Release|x64
		Release|x86 = Release|x86
	EndGlobalSection
	GlobalSection(ProjectConfigurationPlatforms) = postSolution
		{D0C8DFEE-62D1-41D1-9D6A-1B7CEE106063}.Debug|Any CPU.ActiveCfg = Debug|Any CPU
		{D0C8DFEE-62D1-41D1-9D6A-1B7CEE106063}.Debug|Any CPU.Build.0 = Debug|Any CPU
		{D0C8DFEE-62D1-41D1-9D6A-1B7CEE106063}.Debug|x64.ActiveCfg = Debug|Any CPU
		{D0C8DFEE-62D1-41D1-9D6A-1B7CEE106063}.Debug|x64.Build.0 = Debug|Any CPU
		{D0C8DFEE-62D1-41D1-9D6A-1B7CEE106063}.Debug|x86.ActiveCfg = Debug|Any CPU
		{D0C8DFEE-62D1-41D1-9D6A-1B7CEE106063}.Debug|x86.Build.0 = Debug|Any CPU
		{D0C8DFEE-62D1-41D1-9D6A-1B7CEE106063}.Release|Any CPU.ActiveCfg = Release|Any CPU
		{D0C8DFEE-62D1-41D1-9D6A-1B7CEE106063}.Release|Any CPU.Build.0 = Release|Any CPU
		{D0C8DFEE-62D1-41D1-9D6A-1B7CEE106063}.Release|x64.ActiveCfg = Release|Any CPU
		{D0C8DFEE-62D1-41D1-9D6A-1B7CEE106063}.Release|x64.Build.0 = Release|Any CPU
		{D0C8DFEE-62D1-41D1-9D6A-1B7CEE106063}.Release|x86.ActiveCfg = Release|Any CPU
		{D0C8DFEE-62D1-41D1-9D6A-1B7CEE106063}.Release|x86.Build.0 = Release|Any CPU
		{CB61C5BB-AAD9-4C64-9419-88E018A8461C}.Debug|Any CPU.ActiveCfg = Debug|Any CPU
		{CB61C5BB-AAD9-4C64-9419-88E018A8461C}.Debug|Any CPU.Build.0 = Debug|Any CPU
		{CB61C5BB-AAD9-4C64-9419-88E018A8461C}.Debug|x64.ActiveCfg = Debug|Any CPU
		{CB61C5BB-AAD9-4C64-9419-88E018A8461C}.Debug|x64.Build.0 = Debug|Any CPU
		{CB61C5BB-AAD9-4C64-9419-88E018A8461C}.Debug|x86.ActiveCfg = Debug|Any CPU
		{CB61C5BB-AAD9-4C64-9419-88E018A8461C}.Debug|x86.Build.0 = Debug|Any CPU
		{CB61C5BB-AAD9-4C64-9419-88E018A8461C}.Release|Any CPU.ActiveCfg = Release|Any CPU
		{CB61C5BB-AAD9-4C64-9419-88E018A8461C}.Release|Any CPU.Build.0 = Release|Any CPU
		{CB61C5BB-AAD9-4C64-9419-88E018A8461C}.Release|x64.ActiveCfg = Release|Any CPU
		{CB61C5BB-AAD9-4C64-9419-88E018A8461C}.Release|x64.Build.0 = Release|Any CPU
		{CB61C5BB-AAD9-4C64-9419-88E018A8461C}.Release|x86.ActiveCfg = Release|Any CPU
		{CB61C5BB-AAD9-4C64-9419-88E018A8461C}.Release|x86.Build.0 = Release|Any CPU
		{17C22C32-D502-4B19-BAC9-6E7E3F74DFD5}.Debug|Any CPU.ActiveCfg = Debug|Any CPU
		{17C22C32-D502-4B19-BAC9-6E7E3F74DFD5}.Debug|Any CPU.Build.0 = Debug|Any CPU
		{17C22C32-D502-4B19-BAC9-6E7E3F74DFD5}.Debug|x64.ActiveCfg = Debug|Any CPU
		{17C22C32-D502-4B19-BAC9-6E7E3F74DFD5}.Debug|x64.Build.0 = Debug|Any CPU
		{17C22C32-D502-4B19-BAC9-6E7E3F74DFD5}.Debug|x86.ActiveCfg = Debug|Any CPU
		{17C22C32-D502-4B19-BAC9-6E7E3F74DFD5}.Debug|x86.Build.0 = Debug|Any CPU
		{17C22C32-D502-4B19-BAC9-6E7E3F74DFD5}.Release|Any CPU.ActiveCfg = Release|Any CPU
		{17C22C32-D502-4B19-BAC9-6E7E3F74DFD5}.Release|Any CPU.Build.0 = Release|Any CPU
		{17C22C32-D502-4B19-BAC9-6E7E3F74DFD5}.Release|x64.ActiveCfg = Release|Any CPU
		{17C22C32-D502-4B19-BAC9-6E7E3F74DFD5}.Release|x64.Build.0 = Release|Any CPU
		{17C22C32-D502-4B19-BAC9-6E7E3F74DFD5}.Release|x86.ActiveCfg = Release|Any CPU
		{17C22C32-D502-4B19-BAC9-6E7E3F74DFD5}.Release|x86.Build.0 = Release|Any CPU
		{6E14A0CC-8678-4404-9B18-0D9BDFC1B768}.Debug|Any CPU.ActiveCfg = Debug|Any CPU
		{6E14A0CC-8678-4404-9B18-0D9BDFC1B768}.Debug|Any CPU.Build.0 = Debug|Any CPU
		{6E14A0CC-8678-4404-9B18-0D9BDFC1B768}.Debug|x64.ActiveCfg = Debug|Any CPU
		{6E14A0CC-8678-4404-9B18-0D9BDFC1B768}.Debug|x64.Build.0 = Debug|Any CPU
		{6E14A0CC-8678-4404-9B18-0D9BDFC1B768}.Debug|x86.ActiveCfg = Debug|Any CPU
		{6E14A0CC-8678-4404-9B18-0D9BDFC1B768}.Debug|x86.Build.0 = Debug|Any CPU
		{6E14A0CC-8678-4404-9B18-0D9BDFC1B768}.Release|Any CPU.ActiveCfg = Release|Any CPU
		{6E14A0CC-8678-4404-9B18-0D9BDFC1B768}.Release|Any CPU.Build.0 = Release|Any CPU
		{6E14A0CC-8678-4404-9B18-0D9BDFC1B768}.Release|x64.ActiveCfg = Release|Any CPU
		{6E14A0CC-8678-4404-9B18-0D9BDFC1B768}.Release|x64.Build.0 = Release|Any CPU
		{6E14A0CC-8678-4404-9B18-0D9BDFC1B768}.Release|x86.ActiveCfg = Release|Any CPU
		{6E14A0CC-8678-4404-9B18-0D9BDFC1B768}.Release|x86.Build.0 = Release|Any CPU
		{EB7503FD-33A8-497B-B139-1BA1114CE279}.Debug|Any CPU.ActiveCfg = Debug|Any CPU
		{EB7503FD-33A8-497B-B139-1BA1114CE279}.Debug|Any CPU.Build.0 = Debug|Any CPU
		{EB7503FD-33A8-497B-B139-1BA1114CE279}.Debug|x64.ActiveCfg = Debug|Any CPU
		{EB7503FD-33A8-497B-B139-1BA1114CE279}.Debug|x64.Build.0 = Debug|Any CPU
		{EB7503FD-33A8-497B-B139-1BA1114CE279}.Debug|x86.ActiveCfg = Debug|Any CPU
		{EB7503FD-33A8-497B-B139-1BA1114CE279}.Debug|x86.Build.0 = Debug|Any CPU
		{EB7503FD-33A8-497B-B139-1BA1114CE279}.Release|Any CPU.ActiveCfg = Release|Any CPU
		{EB7503FD-33A8-497B-B139-1BA1114CE279}.Release|Any CPU.Build.0 = Release|Any CPU
		{EB7503FD-33A8-497B-B139-1BA1114CE279}.Release|x64.ActiveCfg = Release|Any CPU
		{EB7503FD-33A8-497B-B139-1BA1114CE279}.Release|x64.Build.0 = Release|Any CPU
		{EB7503FD-33A8-497B-B139-1BA1114CE279}.Release|x86.ActiveCfg = Release|Any CPU
		{EB7503FD-33A8-497B-B139-1BA1114CE279}.Release|x86.Build.0 = Release|Any CPU
		{A8EC99DE-718E-4ACC-8B61-70FA796D8438}.Debug|Any CPU.ActiveCfg = Debug|Any CPU
		{A8EC99DE-718E-4ACC-8B61-70FA796D8438}.Debug|Any CPU.Build.0 = Debug|Any CPU
		{A8EC99DE-718E-4ACC-8B61-70FA796D8438}.Debug|x64.ActiveCfg = Debug|Any CPU
		{A8EC99DE-718E-4ACC-8B61-70FA796D8438}.Debug|x64.Build.0 = Debug|Any CPU
		{A8EC99DE-718E-4ACC-8B61-70FA796D8438}.Debug|x86.ActiveCfg = Debug|Any CPU
		{A8EC99DE-718E-4ACC-8B61-70FA796D8438}.Debug|x86.Build.0 = Debug|Any CPU
		{A8EC99DE-718E-4ACC-8B61-70FA796D8438}.Release|Any CPU.ActiveCfg = Release|Any CPU
		{A8EC99DE-718E-4ACC-8B61-70FA796D8438}.Release|Any CPU.Build.0 = Release|Any CPU
		{A8EC99DE-718E-4ACC-8B61-70FA796D8438}.Release|x64.ActiveCfg = Release|Any CPU
		{A8EC99DE-718E-4ACC-8B61-70FA796D8438}.Release|x64.Build.0 = Release|Any CPU
		{A8EC99DE-718E-4ACC-8B61-70FA796D8438}.Release|x86.ActiveCfg = Release|Any CPU
		{A8EC99DE-718E-4ACC-8B61-70FA796D8438}.Release|x86.Build.0 = Release|Any CPU
		{DD02CC64-F89C-4966-A79F-482794FF88AD}.Debug|Any CPU.ActiveCfg = Debug|Any CPU
		{DD02CC64-F89C-4966-A79F-482794FF88AD}.Debug|Any CPU.Build.0 = Debug|Any CPU
		{DD02CC64-F89C-4966-A79F-482794FF88AD}.Debug|x64.ActiveCfg = Debug|Any CPU
		{DD02CC64-F89C-4966-A79F-482794FF88AD}.Debug|x64.Build.0 = Debug|Any CPU
		{DD02CC64-F89C-4966-A79F-482794FF88AD}.Debug|x86.ActiveCfg = Debug|Any CPU
		{DD02CC64-F89C-4966-A79F-482794FF88AD}.Debug|x86.Build.0 = Debug|Any CPU
		{DD02CC64-F89C-4966-A79F-482794FF88AD}.Release|Any CPU.ActiveCfg = Release|Any CPU
		{DD02CC64-F89C-4966-A79F-482794FF88AD}.Release|Any CPU.Build.0 = Release|Any CPU
		{DD02CC64-F89C-4966-A79F-482794FF88AD}.Release|x64.ActiveCfg = Release|Any CPU
		{DD02CC64-F89C-4966-A79F-482794FF88AD}.Release|x64.Build.0 = Release|Any CPU
		{DD02CC64-F89C-4966-A79F-482794FF88AD}.Release|x86.ActiveCfg = Release|Any CPU
		{DD02CC64-F89C-4966-A79F-482794FF88AD}.Release|x86.Build.0 = Release|Any CPU
		{3D2AE401-D80D-436E-99E3-FF20B6FE7CB9}.Debug|Any CPU.ActiveCfg = Debug|Any CPU
		{3D2AE401-D80D-436E-99E3-FF20B6FE7CB9}.Debug|Any CPU.Build.0 = Debug|Any CPU
		{3D2AE401-D80D-436E-99E3-FF20B6FE7CB9}.Debug|x64.ActiveCfg = Debug|Any CPU
		{3D2AE401-D80D-436E-99E3-FF20B6FE7CB9}.Debug|x64.Build.0 = Debug|Any CPU
		{3D2AE401-D80D-436E-99E3-FF20B6FE7CB9}.Debug|x86.ActiveCfg = Debug|Any CPU
		{3D2AE401-D80D-436E-99E3-FF20B6FE7CB9}.Debug|x86.Build.0 = Debug|Any CPU
		{3D2AE401-D80D-436E-99E3-FF20B6FE7CB9}.Release|Any CPU.ActiveCfg = Release|Any CPU
		{3D2AE401-D80D-436E-99E3-FF20B6FE7CB9}.Release|Any CPU.Build.0 = Release|Any CPU
		{3D2AE401-D80D-436E-99E3-FF20B6FE7CB9}.Release|x64.ActiveCfg = Release|Any CPU
		{3D2AE401-D80D-436E-99E3-FF20B6FE7CB9}.Release|x64.Build.0 = Release|Any CPU
		{3D2AE401-D80D-436E-99E3-FF20B6FE7CB9}.Release|x86.ActiveCfg = Release|Any CPU
		{3D2AE401-D80D-436E-99E3-FF20B6FE7CB9}.Release|x86.Build.0 = Release|Any CPU
		{1807AE2C-1301-4B69-9B58-ED8415EBB493}.Debug|Any CPU.ActiveCfg = Debug|Any CPU
		{1807AE2C-1301-4B69-9B58-ED8415EBB493}.Debug|Any CPU.Build.0 = Debug|Any CPU
		{1807AE2C-1301-4B69-9B58-ED8415EBB493}.Debug|x64.ActiveCfg = Debug|Any CPU
		{1807AE2C-1301-4B69-9B58-ED8415EBB493}.Debug|x64.Build.0 = Debug|Any CPU
		{1807AE2C-1301-4B69-9B58-ED8415EBB493}.Debug|x86.ActiveCfg = Debug|Any CPU
		{1807AE2C-1301-4B69-9B58-ED8415EBB493}.Debug|x86.Build.0 = Debug|Any CPU
		{1807AE2C-1301-4B69-9B58-ED8415EBB493}.Release|Any CPU.ActiveCfg = Release|Any CPU
		{1807AE2C-1301-4B69-9B58-ED8415EBB493}.Release|Any CPU.Build.0 = Release|Any CPU
		{1807AE2C-1301-4B69-9B58-ED8415EBB493}.Release|x64.ActiveCfg = Release|Any CPU
		{1807AE2C-1301-4B69-9B58-ED8415EBB493}.Release|x64.Build.0 = Release|Any CPU
		{1807AE2C-1301-4B69-9B58-ED8415EBB493}.Release|x86.ActiveCfg = Release|Any CPU
		{1807AE2C-1301-4B69-9B58-ED8415EBB493}.Release|x86.Build.0 = Release|Any CPU
		{E14455B8-0813-45F9-8F9E-FB468486473A}.Debug|Any CPU.ActiveCfg = Debug|Any CPU
		{E14455B8-0813-45F9-8F9E-FB468486473A}.Debug|Any CPU.Build.0 = Debug|Any CPU
		{E14455B8-0813-45F9-8F9E-FB468486473A}.Debug|x64.ActiveCfg = Debug|Any CPU
		{E14455B8-0813-45F9-8F9E-FB468486473A}.Debug|x64.Build.0 = Debug|Any CPU
		{E14455B8-0813-45F9-8F9E-FB468486473A}.Debug|x86.ActiveCfg = Debug|Any CPU
		{E14455B8-0813-45F9-8F9E-FB468486473A}.Debug|x86.Build.0 = Debug|Any CPU
		{E14455B8-0813-45F9-8F9E-FB468486473A}.Release|Any CPU.ActiveCfg = Release|Any CPU
		{E14455B8-0813-45F9-8F9E-FB468486473A}.Release|Any CPU.Build.0 = Release|Any CPU
		{E14455B8-0813-45F9-8F9E-FB468486473A}.Release|x64.ActiveCfg = Release|Any CPU
		{E14455B8-0813-45F9-8F9E-FB468486473A}.Release|x64.Build.0 = Release|Any CPU
		{E14455B8-0813-45F9-8F9E-FB468486473A}.Release|x86.ActiveCfg = Release|Any CPU
		{E14455B8-0813-45F9-8F9E-FB468486473A}.Release|x86.Build.0 = Release|Any CPU
	EndGlobalSection
	GlobalSection(SolutionProperties) = preSolution
		HideSolutionNode = FALSE
	EndGlobalSection
	GlobalSection(NestedProjects) = preSolution
		{D0C8DFEE-62D1-41D1-9D6A-1B7CEE106063} = {0AB3BF05-4346-4AA6-1389-037BE0695223}
		{CB61C5BB-AAD9-4C64-9419-88E018A8461C} = {0AB3BF05-4346-4AA6-1389-037BE0695223}
		{17C22C32-D502-4B19-BAC9-6E7E3F74DFD5} = {0AB3BF05-4346-4AA6-1389-037BE0695223}
		{6E14A0CC-8678-4404-9B18-0D9BDFC1B768} = {0AB3BF05-4346-4AA6-1389-037BE0695223}
		{EB7503FD-33A8-497B-B139-1BA1114CE279} = {0AB3BF05-4346-4AA6-1389-037BE0695223}
		{DDB3D690-124B-C36B-115F-3C37F1FE676E} = {827E0CD3-B72D-47B6-A68D-7590B98EB39B}
		{A8EC99DE-718E-4ACC-8B61-70FA796D8438} = {DDB3D690-124B-C36B-115F-3C37F1FE676E}
		{35E96E76-185C-208C-38DC-5F3F8B7F04FF} = {827E0CD3-B72D-47B6-A68D-7590B98EB39B}
		{DD02CC64-F89C-4966-A79F-482794FF88AD} = {35E96E76-185C-208C-38DC-5F3F8B7F04FF}
		{1FA30E85-E96E-8112-D4B3-BBAF21A47CB7} = {827E0CD3-B72D-47B6-A68D-7590B98EB39B}
		{3D2AE401-D80D-436E-99E3-FF20B6FE7CB9} = {1FA30E85-E96E-8112-D4B3-BBAF21A47CB7}
		{EF20B38E-6266-D34C-AE13-5ED10D6750E8} = {827E0CD3-B72D-47B6-A68D-7590B98EB39B}
		{1807AE2C-1301-4B69-9B58-ED8415EBB493} = {EF20B38E-6266-D34C-AE13-5ED10D6750E8}
		{85F909CB-8F14-ECC8-BA9D-713D1771907F} = {827E0CD3-B72D-47B6-A68D-7590B98EB39B}
		{E14455B8-0813-45F9-8F9E-FB468486473A} = {85F909CB-8F14-ECC8-BA9D-713D1771907F}
	EndGlobalSection
EndGlobal
